
Microsoft Visual Studio Solution File, Format Version 12.00
# Visual Studio Version 16
VisualStudioVersion = 16.0.31424.327
MinimumVisualStudioVersion = 10.0.40219.1
Project("{FAE04EC0-301F-11D3-BF4B-00C04F79EFBC}") = "VehicleApp", "VehicleApp.csproj", "{0077B95A-83EC-4173-9A9F-6456E38D153E}"
EndProject
Global
	GlobalSection(SolutionConfigurationPlatforms) = preSolution
		Debug|Any CPU = Debug|Any CPU
		Release|Any CPU = Release|Any CPU
	EndGlobalSection
	GlobalSection(ProjectConfigurationPlatforms) = postSolution
		{0077B95A-83EC-4173-9A9F-6456E38D153E}.Debug|Any CPU.ActiveCfg = Debug|Any CPU
		{0077B95A-83EC-4173-9A9F-6456E38D153E}.Debug|Any CPU.Build.0 = Debug|Any CPU
		{0077B95A-83EC-4173-9A9F-6456E38D153E}.Release|Any CPU.ActiveCfg = Release|Any CPU
		{0077B95A-83EC-4173-9A9F-6456E38D153E}.Release|Any CPU.Build.0 = Release|Any CPU
	EndGlobalSection
	GlobalSection(SolutionProperties) = preSolution
		HideSolutionNode = FALSE
	EndGlobalSection
	GlobalSection(ExtensibilityGlobals) = postSolution
		SolutionGuid = {8ADFC773-E1B7-4DD8-8F8A-0410E2D0DA09}
	EndGlobalSection
EndGlobal
